
Microsoft Visual Studio Solution File, Format Version 12.00
# Visual Studio 15
VisualStudioVersion = 15.0.26430.15
MinimumVisualStudioVersion = 10.0.40219.1
Project("{FAE04EC0-301F-11D3-BF4B-00C04F79EFBC}") = "UnicodeInspector", "UnicodeInspector\UnicodeInspector.csproj", "{F7701ED4-F6E9-4955-BD27-2516808753A2}"
EndProject
Project("{FAE04EC0-301F-11D3-BF4B-00C04F79EFBC}") = "UnicodeInspectorUWP", "UnicodeInspectorUWP\UnicodeInspectorUWP.csproj", "{9109BDB9-55D8-414B-B237-8799207C87E4}"
EndProject
Global
	GlobalSection(SolutionConfigurationPlatforms) = preSolution
		Debug|Any CPU = Debug|Any CPU
		Debug|ARM = Debug|ARM
		Debug|x64 = Debug|x64
		Debug|x86 = Debug|x86
		Release|Any CPU = Release|Any CPU
		Release|ARM = Release|ARM
		Release|x64 = Release|x64
		Release|x86 = Release|x86
	EndGlobalSection
	GlobalSection(ProjectConfigurationPlatforms) = postSolution
		{F7701ED4-F6E9-4955-BD27-2516808753A2}.Debug|Any CPU.ActiveCfg = Debug|Any CPU
		{F7701ED4-F6E9-4955-BD27-2516808753A2}.Debug|Any CPU.Build.0 = Debug|Any CPU
		{F7701ED4-F6E9-4955-BD27-2516808753A2}.Debug|ARM.ActiveCfg = Debug|Any CPU
		{F7701ED4-F6E9-4955-BD27-2516808753A2}.Debug|ARM.Build.0 = Debug|Any CPU
		{F7701ED4-F6E9-4955-BD27-2516808753A2}.Debug|x64.ActiveCfg = Debug|Any CPU
		{F7701ED4-F6E9-4955-BD27-2516808753A2}.Debug|x64.Build.0 = Debug|Any CPU
		{F7701ED4-F6E9-4955-BD27-2516808753A2}.Debug|x86.ActiveCfg = Debug|Any CPU
		{F7701ED4-F6E9-4955-BD27-2516808753A2}.Debug|x86.Build.0 = Debug|Any CPU
		{F7701ED4-F6E9-4955-BD27-2516808753A2}.Release|Any CPU.ActiveCfg = Release|Any CPU
		{F7701ED4-F6E9-4955-BD27-2516808753A2}.Release|Any CPU.Build.0 = Release|Any CPU
		{F7701ED4-F6E9-4955-BD27-2516808753A2}.Release|ARM.ActiveCfg = Release|Any CPU
		{F7701ED4-F6E9-4955-BD27-2516808753A2}.Release|ARM.Build.0 = Release|Any CPU
		{F7701ED4-F6E9-4955-BD27-2516808753A2}.Release|x64.ActiveCfg = Release|Any CPU
		{F7701ED4-F6E9-4955-BD27-2516808753A2}.Release|x64.Build.0 = Release|Any CPU
		{F7701ED4-F6E9-4955-BD27-2516808753A2}.Release|x86.ActiveCfg = Release|Any CPU
		{F7701ED4-F6E9-4955-BD27-2516808753A2}.Release|x86.Build.0 = Release|Any CPU
		{9109BDB9-55D8-414B-B237-8799207C87E4}.Debug|Any CPU.ActiveCfg = Debug|x86
		{9109BDB9-55D8-414B-B237-8799207C87E4}.Debug|ARM.ActiveCfg = Debug|ARM
		{9109BDB9-55D8-414B-B237-8799207C87E4}.Debug|ARM.Build.0 = Debug|ARM
		{9109BDB9-55D8-414B-B237-8799207C87E4}.Debug|ARM.Deploy.0 = Debug|ARM
		{9109BDB9-55D8-414B-B237-8799207C87E4}.Debug|x64.ActiveCfg = Debug|x64
		{9109BDB9-55D8-414B-B237-8799207C87E4}.Debug|x64.Build.0 = Debug|x64
		{9109BDB9-55D8-414B-B237-8799207C87E4}.Debug|x64.Deploy.0 = Debug|x64
		{9109BDB9-55D8-414B-B237-8799207C87E4}.Debug|x86.ActiveCfg = Debug|x86
		{9109BDB9-55D8-414B-B237-8799207C87E4}.Debug|x86.Build.0 = Debug|x86
		{9109BDB9-55D8-414B-B237-8799207C87E4}.Debug|x86.Deploy.0 = Debug|x86
		{9109BDB9-55D8-414B-B237-8799207C87E4}.Release|Any CPU.ActiveCfg = Release|x86
		{9109BDB9-55D8-414B-B237-8799207C87E4}.Release|ARM.ActiveCfg = Release|ARM
		{9109BDB9-55D8-414B-B237-8799207C87E4}.Release|ARM.Build.0 = Release|ARM
		{9109BDB9-55D8-414B-B237-8799207C87E4}.Release|ARM.Deploy.0 = Release|ARM
		{9109BDB9-55D8-414B-B237-8799207C87E4}.Release|x64.ActiveCfg = Release|x64
		{9109BDB9-55D8-414B-B237-8799207C87E4}.Release|x64.Build.0 = Release|x64
		{9109BDB9-55D8-414B-B237-8799207C87E4}.Release|x64.Deploy.0 = Release|x64
		{9109BDB9-55D8-414B-B237-8799207C87E4}.Release|x86.ActiveCfg = Release|x86
		{9109BDB9-55D8-414B-B237-8799207C87E4}.Release|x86.Build.0 = Release|x86
		{9109BDB9-55D8-414B-B237-8799207C87E4}.Release|x86.Deploy.0 = Release|x86
	EndGlobalSection
	GlobalSection(SolutionProperties) = preSolution
		HideSolutionNode = FALSE
	EndGlobalSection
EndGlobal
